[[package]]
name = "black"
version = "21.12b0"
description = "The uncompromising code formatter."
category = "dev"
optional = false
python-versions = ">=3.6.2"

[package.dependencies]
click = ">=7.1.2"
mypy-extensions = ">=0.4.3"
pathspec = ">=0.9.0,<1"
platformdirs = ">=2"
tomli = ">=0.2.6,<2.0.0"
typing-extensions = [
    {version = ">=3.10.0.0", markers = "python_version < \"3.10\""},
    {version = "!=3.10.0.1", markers = "python_version >= \"3.10\""},
]

[package.extras]
colorama = ["colorama (>=0.4.3)"]
d = ["aiohttp (>=3.7.4)"]
jupyter = ["ipython (>=7.8.0)", "tokenize-rt (>=3.2.0)"]
python2 = ["typed-ast (>=1.4.3)"]
uvloop = ["uvloop (>=0.15.2)"]

[[package]]
name = "certifi"
version = "2021.10.8"
description = "Python package for providing Mozilla's CA Bundle."
category = "main"
optional = false
python-versions = "*"

[[package]]
name = "charset-normalizer"
version = "2.0.6"
description = "The Real First Universal Charset Detector. Open, modern and actively maintained alternative to Chardet."
category = "main"
optional = false
python-versions = ">=3.5.0"

[package.extras]
unicode_backport = ["unicodedata2"]

[[package]]
name = "click"
version = "8.0.2"
description = "Composable command line interface toolkit"
category = "dev"
optional = false
python-versions = ">=3.6"

[package.dependencies]
colorama = {version = "*", markers = "platform_system == \"Windows\""}

[[package]]
name = "colorama"
version = "0.4.4"
description = "Cross-platform colored terminal text."
category = "dev"
optional = false
python-versions = ">=2.7, !=3.0.*, !=3.1.*, !=3.2.*, !=3.3.*, !=3.4.*"

[[package]]
name = "idna"
version = "3.2"
description = "Internationalized Domain Names in Applications (IDNA)"
category = "main"
optional = false
python-versions = ">=3.5"

[[package]]
name = "isort"
version = "5.10.1"
description = "A Python utility / library to sort Python imports."
category = "dev"
optional = false
python-versions = ">=3.6.1,<4.0"

[package.extras]
pipfile_deprecated_finder = ["pipreqs", "requirementslib"]
requirements_deprecated_finder = ["pipreqs", "pip-api"]
colors = ["colorama (>=0.4.3,<0.5.0)"]
plugins = ["setuptools"]

[[package]]
name = "mypy-extensions"
version = "0.4.3"
description = "Experimental type system extensions for programs checked with the mypy typechecker."
category = "dev"
optional = false
python-versions = "*"

[[package]]
name = "pathspec"
version = "0.9.0"
description = "Utility library for gitignore style pattern matching of file paths."
category = "dev"
optional = false
python-versions = "!=3.0.*,!=3.1.*,!=3.2.*,!=3.3.*,!=3.4.*,>=2.7"

[[package]]
name = "pickledb-ujson"
version = "1.0.4"
description = "Fork of PickleDB using ujson"
category = "main"
optional = false
python-versions = ">=3.7,<4.0"

[package.dependencies]
ujson = "5.1.0"

[[package]]
name = "platformdirs"
version = "2.4.0"
description = "A small Python module for determining appropriate platform-specific dirs, e.g. a \"user data dir\"."
category = "dev"
optional = false
python-versions = ">=3.6"

[package.extras]
docs = ["Sphinx (>=4)", "furo (>=2021.7.5b38)", "proselint (>=0.10.2)", "sphinx-autodoc-typehints (>=1.12)"]
test = ["appdirs (==1.4.4)", "pytest (>=6)", "pytest-cov (>=2.7)", "pytest-mock (>=3.6)"]

[[package]]
name = "prettyconf"
version = "2.2.1"
description = "Separation of settings from code."
category = "main"
optional = false
python-versions = "*"

[package.extras]
aws = ["boto3"]

[[package]]
name = "requests"
version = "2.27.1"
description = "Python HTTP for Humans."
category = "main"
optional = false
python-versions = ">=2.7, !=3.0.*, !=3.1.*, !=3.2.*, !=3.3.*, !=3.4.*, !=3.5.*"

[package.dependencies]
certifi = ">=2017.4.17"
charset-normalizer = {version = ">=2.0.0,<2.1.0", markers = "python_version >= \"3\""}
idna = {version = ">=2.5,<4", markers = "python_version >= \"3\""}
urllib3 = ">=1.21.1,<1.27"

[package.extras]
socks = ["PySocks (>=1.5.6,!=1.5.7)", "win-inet-pton"]
use_chardet_on_py3 = ["chardet (>=3.0.2,<5)"]

[[package]]
name = "tomli"
version = "1.2.1"
description = "A lil' TOML parser"
category = "dev"
optional = false
python-versions = ">=3.6"

[[package]]
name = "typing-extensions"
version = "3.10.0.2"
description = "Backported and Experimental Type Hints for Python 3.5+"
category = "dev"
optional = false
python-versions = "*"

[[package]]
name = "ujson"
version = "5.1.0"
description = "Ultra fast JSON encoder and decoder for Python"
category = "main"
optional = false
python-versions = ">=3.7"

[[package]]
name = "urllib3"
version = "1.26.7"
description = "HTTP library with thread-safe connection pooling, file post, and more."
category = "main"
optional = false
python-versions = ">=2.7, !=3.0.*, !=3.1.*, !=3.2.*, !=3.3.*, !=3.4.*, <4"

[package.extras]
brotli = ["brotlipy (>=0.6.0)"]
secure = ["pyOpenSSL (>=0.14)", "cryptography (>=1.3.4)", "idna (>=2.0.0)", "certifi", "ipaddress"]
socks = ["PySocks (>=1.5.6,!=1.5.7,<2.0)"]

[metadata]
lock-version = "1.1"
python-versions = "^3.9"
content-hash = "a1713c60a93e66fc5528bc388dffb298b9e5c320edfcb50bf74988b0adc91208"

[metadata.files]
black = [
    {file = "black-21.12b0-py3-none-any.whl", hash = "sha256:a615e69ae185e08fdd73e4715e260e2479c861b5740057fde6e8b4e3b7dd589f"},
    {file = "black-21.12b0.tar.gz", hash = "sha256:77b80f693a569e2e527958459634f18df9b0ba2625ba4e0c2d5da5be42e6f2b3"},
]
certifi = [
    {file = "certifi-2021.10.8-py2.py3-none-any.whl", hash = "sha256:d62a0163eb4c2344ac042ab2bdf75399a71a2d8c7d47eac2e2ee91b9d6339569"},
    {file = "certifi-2021.10.8.tar.gz", hash = "sha256:78884e7c1d4b00ce3cea67b44566851c4343c120abd683433ce934a68ea58872"},
]
charset-normalizer = [
    {file = "charset-normalizer-2.0.6.tar.gz", hash = "sha256:5ec46d183433dcbd0ab716f2d7f29d8dee50505b3fdb40c6b985c7c4f5a3591f"},
    {file = "charset_normalizer-2.0.6-py3-none-any.whl", hash = "sha256:5d209c0a931f215cee683b6445e2d77677e7e75e159f78def0db09d68fafcaa6"},
]
click = [
    {file = "click-8.0.2-py3-none-any.whl", hash = "sha256:3fab8aeb8f15f5452ae7511ad448977b3417325bceddd53df87e0bb81f3a8cf8"},
    {file = "click-8.0.2.tar.gz", hash = "sha256:7027bc7bbafaab8b2c2816861d8eb372429ee3c02e193fc2f93d6c4ab9de49c5"},
]
colorama = [
    {file = "colorama-0.4.4-py2.py3-none-any.whl", hash = "sha256:9f47eda37229f68eee03b24b9748937c7dc3868f906e8ba69fbcbdd3bc5dc3e2"},
    {file = "colorama-0.4.4.tar.gz", hash = "sha256:5941b2b48a20143d2267e95b1c2a7603ce057ee39fd88e7329b0c292aa16869b"},
]
idna = [
    {file = "idna-3.2-py3-none-any.whl", hash = "sha256:14475042e284991034cb48e06f6851428fb14c4dc953acd9be9a5e95c7b6dd7a"},
    {file = "idna-3.2.tar.gz", hash = "sha256:467fbad99067910785144ce333826c71fb0e63a425657295239737f7ecd125f3"},
]
isort = [
    {file = "isort-5.10.1-py3-none-any.whl", hash = "sha256:6f62d78e2f89b4500b080fe3a81690850cd254227f27f75c3a0c491a1f351ba7"},
    {file = "isort-5.10.1.tar.gz", hash = "sha256:e8443a5e7a020e9d7f97f1d7d9cd17c88bcb3bc7e218bf9cf5095fe550be2951"},
]
mypy-extensions = [
    {file = "mypy_extensions-0.4.3-py2.py3-none-any.whl", hash = "sha256:090fedd75945a69ae91ce1303b5824f428daf5a028d2f6ab8a299250a846f15d"},
    {file = "mypy_extensions-0.4.3.tar.gz", hash = "sha256:2d82818f5bb3e369420cb3c4060a7970edba416647068eb4c5343488a6c604a8"},
]
pathspec = [
    {file = "pathspec-0.9.0-py2.py3-none-any.whl", hash = "sha256:7d15c4ddb0b5c802d161efc417ec1a2558ea2653c2e8ad9c19098201dc1c993a"},
    {file = "pathspec-0.9.0.tar.gz", hash = "sha256:e564499435a2673d586f6b2130bb5b95f04a3ba06f81b8f895b651a3c76aabb1"},
]
pickledb-ujson = [
    {file = "pickledb_ujson-1.0.4-py3-none-any.whl", hash = "sha256:de522061d071881dcdd184a48a8b93360923cd85fc06a538645315f9892cf5ee"},
    {file = "pickledb_ujson-1.0.4.tar.gz", hash = "sha256:33503d970de02e73fd80d861945450224523f1148a647eb11a30e1ca23f425a0"},
]
platformdirs = [
    {file = "platformdirs-2.4.0-py3-none-any.whl", hash = "sha256:8868bbe3c3c80d42f20156f22e7131d2fb321f5bc86a2a345375c6481a67021d"},
    {file = "platformdirs-2.4.0.tar.gz", hash = "sha256:367a5e80b3d04d2428ffa76d33f124cf11e8fff2acdaa9b43d545f5c7d661ef2"},
]
prettyconf = [
    {file = "prettyconf-2.2.1.tar.gz", hash = "sha256:2478d16bc2596c9863e93dd182ca70b71f636f0e169ab23288906c53147cfdbc"},
]
requests = [
    {file = "requests-2.27.1-py2.py3-none-any.whl", hash = "sha256:f22fa1e554c9ddfd16e6e41ac79759e17be9e492b3587efa038054674760e72d"},
    {file = "requests-2.27.1.tar.gz", hash = "sha256:68d7c56fd5a8999887728ef304a6d12edc7be74f1cfa47714fc8b414525c9a61"},
]
tomli = [
    {file = "tomli-1.2.1-py3-none-any.whl", hash = "sha256:8dd0e9524d6f386271a36b41dbf6c57d8e32fd96fd22b6584679dc569d20899f"},
    {file = "tomli-1.2.1.tar.gz", hash = "sha256:a5b75cb6f3968abb47af1b40c1819dc519ea82bcc065776a866e8d74c5ca9442"},
]
typing-extensions = [
    {file = "typing_extensions-3.10.0.2-py2-none-any.whl", hash = "sha256:d8226d10bc02a29bcc81df19a26e56a9647f8b0a6d4a83924139f4a8b01f17b7"},
    {file = "typing_extensions-3.10.0.2-py3-none-any.whl", hash = "sha256:f1d25edafde516b146ecd0613dabcc61409817af4766fbbcfb8d1ad4ec441a34"},
    {file = "typing_extensions-3.10.0.2.tar.gz", hash = "sha256:49f75d16ff11f1cd258e1b988ccff82a3ca5570217d7ad8c5f48205dd99a677e"},
]
ujson = [
    {file = "ujson-5.1.0-cp310-cp310-macosx_10_9_x86_64.whl", hash = "sha256:644552d1e89983c08d0c24358fbcb5829ae5b5deee9d876e16d20085cfa7dc81"},
    {file = "ujson-5.1.0-cp310-cp310-macosx_11_0_arm64.whl", hash = "sha256:0cae4a9c141856f7ad1a79c17ff1aaebf7fd8faa2f2c2614c37d6f82ed261d96"},
    {file = "ujson-5.1.0-cp310-cp310-manylinux_2_17_aarch64.manylinux2014_aarch64.whl", hash = "sha256:4ba63b789d83ca92237dbc72041a268d91559f981c01763a107105878bae442e"},
    {file = "ujson-5.1.0-cp310-cp310-manylinux_2_17_x86_64.manylinux2014_x86_64.whl", hash = "sha256:fe4e8f71e2fd42dce245bace7e2aa97dabef13926750a351eadca89a1e0f1abd"},
    {file = "ujson-5.1.0-cp310-cp310-manylinux_2_5_i686.manylinux1_i686.manylinux_2_17_i686.manylinux2014_i686.whl", hash = "sha256:6f73946c047a38640b1f5a2a459237b7bdc417ab028a76c796e4eea984b359b9"},
    {file = "ujson-5.1.0-cp310-cp310-musllinux_1_1_aarch64.whl", hash = "sha256:afe91153c2046fa8210b92def513124e0ea5b87ad8fa4c14fef8197204b980f1"},
    {file = "ujson-5.1.0-cp310-cp310-musllinux_1_1_i686.whl", hash = "sha256:b1ef400fc73ab0cb61b74a662ad4207917223aba6f933a9fea9b0fbe75de2361"},
    {file = "ujson-5.1.0-cp310-cp310-musllinux_1_1_x86_64.whl", hash = "sha256:5c8a884d60dd2eed2fc95a9474d57ead82adf254f54caffb3d9e8ed185c49aba"},
    {file = "ujson-5.1.0-cp310-cp310-win32.whl", hash = "sha256:173b90a2c2836ee42f708df88ecfe3efbc4d868df73c9fcea8cb8f6f3ab93892"},
    {file = "ujson-5.1.0-cp310-cp310-win_amd64.whl", hash = "sha256:6c45ad95e82155372d9908774db46e0ef7880af28a734d0b14eaa4f505e64982"},
    {file = "ujson-5.1.0-cp37-cp37m-macosx_10_9_x86_64.whl", hash = "sha256:4155a7c29bf330329519027c815e15e381c1fff22f50d26f135584d482bbd95d"},
    {file = "ujson-5.1.0-cp37-cp37m-manylinux_2_17_aarch64.manylinux2014_aarch64.whl", hash = "sha256:fa616d0d3c594785c6e9b7f42686bb1c86f9e64aa0f30a72c86d8eb315f54194"},
    {file = "ujson-5.1.0-cp37-cp37m-manylinux_2_17_x86_64.manylinux2014_x86_64.whl", hash = "sha256:a48efcb5d3695b295c26835ed81048da8cd40e76c4fde2940c807aa452b560c9"},
    {file = "ujson-5.1.0-cp37-cp37m-manylinux_2_5_i686.manylinux1_i686.manylinux_2_17_i686.manylinux2014_i686.whl", hash = "sha256:838d35eb9006d36f9241e95958d9f4819bcf1ea2ec155daf92d5751c31bcc62b"},
    {file = "ujson-5.1.0-cp37-cp37m-musllinux_1_1_aarch64.whl", hash = "sha256:05aa6c7297a22081f65497b6f586de6b7060ea47c3ecda80896f47200e9dbf04"},
    {file = "ujson-5.1.0-cp37-cp37m-musllinux_1_1_i686.whl", hash = "sha256:ce441ab7ad1db592e2db95b6c2a1eb882123532897340afac1342c28819e9833"},
    {file = "ujson-5.1.0-cp37-cp37m-musllinux_1_1_x86_64.whl", hash = "sha256:9937e819196b894ffd00801b24f1042dabda142f355313c3f20410993219bc4f"},
    {file = "ujson-5.1.0-cp37-cp37m-win32.whl", hash = "sha256:06bed66ae62d517f67a61cf53c056800b35ef364270723168a1db62702e2d30c"},
    {file = "ujson-5.1.0-cp37-cp37m-win_amd64.whl", hash = "sha256:74e41a0222e6e8136e38f103d6cc228e4e20f1c35cc80224a42804fd67fb35c8"},
    {file = "ujson-5.1.0-cp38-cp38-macosx_10_9_x86_64.whl", hash = "sha256:7bbb87f040e618bebe8c6257b3e4e8ae2f708dcbff3270c84718b3360a152799"},
    {file = "ujson-5.1.0-cp38-cp38-macosx_11_0_arm64.whl", hash = "sha256:68e38122115a8097fbe1cfe52979a797eaff91c10c1bf4b27774e5f30e7f723a"},
    {file = "ujson-5.1.0-cp38-cp38-manylinux_2_17_aarch64.manylinux2014_aarch64.whl", hash = "sha256:b09843123425337d2efee5c8ff6519e4dfc7b044db66c8bd560517fc1070a157"},
    {file = "ujson-5.1.0-cp38-cp38-manylinux_2_17_x86_64.manylinux2014_x86_64.whl", hash = "sha256:8dca10174a3bd482d969a2d12d0aec2fdd63fb974e255ec0147e36a516a2d68a"},
    {file = "ujson-5.1.0-cp38-cp38-manylinux_2_5_i686.manylinux1_i686.manylinux_2_17_i686.manylinux2014_i686.whl", hash = "sha256:202ae52f4a53f03c42ead6d046b1a146517e93bd757f517bdeef0a26228e0260"},
    {file = "ujson-5.1.0-cp38-cp38-musllinux_1_1_aarch64.whl", hash = "sha256:7a4bed7bd7b288cf73ba47bda27fdd1d78ef6906831489e7f296aef9e786eccb"},
    {file = "ujson-5.1.0-cp38-cp38-musllinux_1_1_i686.whl", hash = "sha256:d423956f8dfd98a075c9338b886414b6e3c2817dbf67935797466c998af39936"},
    {file = "ujson-5.1.0-cp38-cp38-musllinux_1_1_x86_64.whl", hash = "sha256:083c1078e4de3a39019e590c43865b17e07a763fee25b012e650bb4f42c89703"},
    {file = "ujson-5.1.0-cp38-cp38-win32.whl", hash = "sha256:31671ad99f0395eb881d698f2871dc64ff00fbd4380c5d9bfd8bff3d4c8f8d88"},
    {file = "ujson-5.1.0-cp38-cp38-win_amd64.whl", hash = "sha256:994eaf4369e6bc24258f59fe8c6345037abcf24557571814e27879851c4353aa"},
    {file = "ujson-5.1.0-cp39-cp39-macosx_10_9_x86_64.whl", hash = "sha256:00d6ea9702c2eaeaf1a826934eaba1b4c609c873379bf54e36ba7b7e128edf94"},
    {file = "ujson-5.1.0-cp39-cp39-macosx_11_0_arm64.whl", hash = "sha256:a53c4fe8e1c067e6c98b4526e982ed9486f08578ad8eb5f0e94f8cadf0c1d911"},
    {file = "ujson-5.1.0-cp39-cp39-manylinux_2_17_aarch64.manylinux2014_aarch64.whl", hash = "sha256:368f855779fded560724a6448838304621f498113a116d66bc5ed5ad5ad3ca92"},
    {file = "ujson-5.1.0-cp39-cp39-manylinux_2_17_x86_64.manylinux2014_x86_64.whl", hash = "sha256:4dd97e45a0f450ba2c43cda18147e54b8e41e886c22e3506c62f7d61e9e53b0d"},
    {file = "ujson-5.1.0-cp39-cp39-manylinux_2_5_i686.manylinux1_i686.manylinux_2_17_i686.manylinux2014_i686.whl", hash = "sha256:caeadbf95ce277f1f8f4f71913bc20c01f49fc9228f238920f9ff6f7645d2a5f"},
    {file = "ujson-5.1.0-cp39-cp39-musllinux_1_1_aarch64.whl", hash = "sha256:681fed63c948f757466eeb3aea98873e2ab8b2b18e9020c96a97479a513e2018"},
    {file = "ujson-5.1.0-cp39-cp39-musllinux_1_1_i686.whl", hash = "sha256:6fc4376266ae67f6d8f9e69386ab950eb84ba345c6fdbeb1884fa5b773c8c76b"},
    {file = "ujson-5.1.0-cp39-cp39-musllinux_1_1_x86_64.whl", hash = "sha256:585271d6ad545a2ccfc237582f70c160e627735c89d0ca2bde24afa321bc0750"},
    {file = "ujson-5.1.0-cp39-cp39-win32.whl", hash = "sha256:b631af423e6d5d35f9f37fbcc4fbdb6085abc1c441cf864c64b7fbb5b150faf7"},
    {file = "ujson-5.1.0-cp39-cp39-win_amd64.whl", hash = "sha256:08265db5ccff8b521ff68aee13a417d68cca784d7e711d961b92fda6ccffcc4f"},
    {file = "ujson-5.1.0-pp37-pypy37_pp73-macosx_10_9_x86_64.whl", hash = "sha256:e2b1c372583eb4363b42e21222d3a18116a41973781d502d61e1b0daf4b8352f"},
    {file = "ujson-5.1.0-pp37-pypy37_pp73-manylinux_2_17_aarch64.manylinux2014_aarch64.whl", hash = "sha256:51142c9d40439f299594e399bef8892a16586ded54c88d3af926865ca221a177"},
    {file = "ujson-5.1.0-pp37-pypy37_pp73-manylinux_2_17_x86_64.manylinux2014_x86_64.whl", hash = "sha256:7ba8be1717b1867a85b2413a8585bad0e4507a22d6af2c244e1c74151f6d5cc0"},
    {file = "ujson-5.1.0-pp37-pypy37_pp73-manylinux_2_5_i686.manylinux1_i686.manylinux_2_17_i686.manylinux2014_i686.whl", hash = "sha256:d0b26d9d6eb9a0979d37f28c715e717a409c9e03163e5cd8fa73aab806351ab5"},
    {file = "ujson-5.1.0-pp37-pypy37_pp73-win_amd64.whl", hash = "sha256:b2c7e4afde0d36926b091fa9613b18b65e911fcaa60024e8721f2dcfedc25329"},
    {file = "ujson-5.1.0-pp38-pypy38_pp73-macosx_10_9_x86_64.whl", hash = "sha256:110633a8dda6c8ca78090292231e15381f8b2423e998399d4bc5f135149c722b"},
    {file = "ujson-5.1.0-pp38-pypy38_pp73-manylinux_2_17_aarch64.manylinux2014_aarch64.whl", hash = "sha256:fdac161127ef8e0889180a4c07475457c55fe0bbd644436d8f4c7ef07565d653"},
    {file = "ujson-5.1.0-pp38-pypy38_pp73-manylinux_2_17_x86_64.manylinux2014_x86_64.whl", hash = "sha256:452990c2b18445a7379a45873527d2ec47789b9289c13a17a3c1cc76b9641126"},
    {file = "ujson-5.1.0-pp38-pypy38_pp73-manylinux_2_5_i686.manylinux1_i686.manylinux_2_17_i686.manylinux2014_i686.whl", hash = "sha256:5304ad25d100d50b5bc8513ef110335df678f66c7ccf3d4728c0c3aa69e08e0c"},
    {file = "ujson-5.1.0-pp38-pypy38_pp73-win_amd64.whl", hash = "sha256:ce620a6563b21aa3fbb1658bc1bfddb484a6dad542de1efb5121eb7bb4f2b93a"},
    {file = "ujson-5.1.0.tar.gz", hash = "sha256:a88944d2f99db71a3ca0c63d81f37e55b660edde0b07216fb65a3e46403ef004"},
]
urllib3 = [
    {file = "urllib3-1.26.7-py2.py3-none-any.whl", hash = "sha256:c4fdf4019605b6e5423637e01bc9fe4daef873709a7973e195ceba0a62bbc844"},
    {file = "urllib3-1.26.7.tar.gz", hash = "sha256:4987c65554f7a2dbf30c18fd48778ef124af6fab771a377103da0585e2336ece"},
]
